
Microsoft Visual Studio Solution File, Format Version 11.00
# Visual Studio 2010
Project("{E24C65DC-7377-472B-9ABA-BC803B73C61A}") = "GetSensorType", ".", "{FC3718B2-84F3-4137-8745-D2B8BF363531}"
	ProjectSection(WebsiteProperties) = preProject
		TargetFrameworkMoniker = ".NETFramework,Version%3Dv2.0"
		Debug.AspNetCompiler.VirtualPath = "/GetSensorType"
		Debug.AspNetCompiler.PhysicalPath = "..\GetSensorType\"
		Debug.AspNetCompiler.TargetPath = "PrecompiledWeb\GetSensorType\"
		Debug.AspNetCompiler.Updateable = "true"
		Debug.AspNetCompiler.ForceOverwrite = "true"
		Debug.AspNetCompiler.FixedNames = "false"
		Debug.AspNetCompiler.Debug = "True"
		Release.AspNetCompiler.VirtualPath = "/GetSensorType"
		Release.AspNetCompiler.PhysicalPath = "..\GetSensorType\"
		Release.AspNetCompiler.TargetPath = "PrecompiledWeb\GetSensorType\"
		Release.AspNetCompiler.Updateable = "true"
		Release.AspNetCompiler.ForceOverwrite = "true"
		Release.AspNetCompiler.FixedNames = "false"
		Release.AspNetCompiler.Debug = "False"
		VWDPort = "1520"
	EndProjectSection
EndProject
Global
	GlobalSection(SolutionConfigurationPlatforms) = preSolution
		Debug|Any CPU = Debug|Any CPU
	EndGlobalSection
	GlobalSection(ProjectConfigurationPlatforms) = postSolution
		{FC3718B2-84F3-4137-8745-D2B8BF363531}.Debug|Any CPU.ActiveCfg = Debug|Any CPU
		{FC3718B2-84F3-4137-8745-D2B8BF363531}.Debug|Any CPU.Build.0 = Debug|Any CPU
	EndGlobalSection
	GlobalSection(SolutionProperties) = preSolution
		HideSolutionNode = FALSE
	EndGlobalSection
EndGlobal
